
Microsoft Visual Studio Solution File, Format Version 12.00
# Visual Studio 15
VisualStudioVersion = 15.0.28010.0
MinimumVisualStudioVersion = 10.0.40219.1
Project("{FAE04EC0-301F-11D3-BF4B-00C04F79EFBC}") = "HW_Lesson8_BronashkoAV", "HW_Lesson8_BronashkoAV\HW_Lesson8_BronashkoAV.csproj", "{F430246B-043B-4061-8CB4-48C1D163DE2C}"
EndProject
Global
	GlobalSection(SolutionConfigurationPlatforms) = preSolution
		Debug|Any CPU = Debug|Any CPU
		Release|Any CPU = Release|Any CPU
	EndGlobalSection
	GlobalSection(ProjectConfigurationPlatforms) = postSolution
		{F430246B-043B-4061-8CB4-48C1D163DE2C}.Debug|Any CPU.ActiveCfg = Debug|Any CPU
		{F430246B-043B-4061-8CB4-48C1D163DE2C}.Debug|Any CPU.Build.0 = Debug|Any CPU
		{F430246B-043B-4061-8CB4-48C1D163DE2C}.Release|Any CPU.ActiveCfg = Release|Any CPU
		{F430246B-043B-4061-8CB4-48C1D163DE2C}.Release|Any CPU.Build.0 = Release|Any CPU
	EndGlobalSection
	GlobalSection(SolutionProperties) = preSolution
		HideSolutionNode = FALSE
	EndGlobalSection
	GlobalSection(ExtensibilityGlobals) = postSolution
		SolutionGuid = {C2490B38-2EE4-44F2-948B-566CCEB9357A}
	EndGlobalSection
EndGlobal
